{
  "name": "05-twitter-bot---sh",
  "version": "1.0.0",
  "lockfileVersion": 3,
  "requires": true,
  "packages": {
    "": {
      "name": "05-twitter-bot---sh",
      "version": "1.0.0",
      "license": "ISC",
      "dependencies": {
        "dotenv": "^16.3.1",
        "twit": "^1.1.20"
      }
    },
    "node_modules/dotenv": {
      "version": "16.3.1",
      "resolved": "https://registry.npmjs.org/dotenv/-/dotenv-16.3.1.tgz",
      "integrity": "sha512-IPzF4w4/Rd94bA9imS68tZBaYyBWSCE47V1RGuMrB94iyTOIEwRmVL2x/4An+6mETpLrKJ5hQkB8W4kFAadeIQ==",
      "engines": {
        "node": ">=12"
      },
      "funding": {
        "url": "https://github.com/motdotla/dotenv?sponsor=1"
      }
    },
    "node_modules/oauth": {
      "version": "0.9.9",
      "resolved": "https://registry.npmjs.org/oauth/-/oauth-0.9.9.tgz",
      "integrity": "sha512-kjdfbdtIFcfvHTdvh+pbR5RMOxrihCmMtDjOCAieetr4NoUOuRjl1q9gyGnvpPNDOalH8moHqur150XYGPQFeA=="
    },
    "node_modules/twit": {
      "version": "1.1.20",
      "resolved": "https://registry.npmjs.org/twit/-/twit-1.1.20.tgz",
      "integrity": "sha512-5Wb4b+1mqSxOXGrTe5O4GIB6/IQnh5anAub34M+VfAdA1g+9QfUuod4C94xf9NNcaz+rNZ/3LRUSTpn8wLMnYA==",
      "dependencies": {
        "oauth": "0.9.9"
      },
      "engines": {
        "node": ">=0.6.0"
      }
    }
  }
}
